{
  "name": "Proyecto_Coronel_Juan",
  "lockfileVersion": 3,
  "requires": true,
  "packages": {
    "": {
      "dependencies": {
        "zod": "^3.24.2"
      },
      "devDependencies": {
        "@iconify-json/material-symbols": "^1.2.14"
      }
    },
    "node_modules/@iconify-json/material-symbols": {
      "version": "1.2.14",
      "resolved": "https://registry.npmjs.org/@iconify-json/material-symbols/-/material-symbols-1.2.14.tgz",
      "integrity": "sha512-S0AAFFQPVr8Dkrprspz/otNjxdD3rJRXDGZjbO8a8zn8ZR5mO8jAF81lVoTfUWxPH6SCtH2lK1JQGXHGPxld7g==",
      "dev": true,
      "license": "Apache-2.0",
      "dependencies": {
        "@iconify/types": "*"
      }
    },
    "node_modules/@iconify/types": {
      "version": "2.0.0",
      "resolved": "https://registry.npmjs.org/@iconify/types/-/types-2.0.0.tgz",
      "integrity": "sha512-+wluvCrRhXrhyOmRDJ3q8mux9JkKy5SJ/v8ol2tu4FVjyYvtEzkc/3pK15ET6RKg4b4w4BmTk1+gsCUhf21Ykg==",
      "dev": true,
      "license": "MIT"
    },
    "node_modules/zod": {
      "version": "3.24.2",
      "resolved": "https://registry.npmjs.org/zod/-/zod-3.24.2.tgz",
      "integrity": "sha512-lY7CDW43ECgW9u1TcT3IoXHflywfVqDYze4waEz812jR/bZ8FHDsl7pFQoSZTz5N+2NqRXs8GBwnAwo3ZNxqhQ==",
      "license": "MIT",
      "funding": {
        "url": "https://github.com/sponsors/colinhacks"
      }
    }
  }
}
